
Microsoft Visual Studio Solution File, Format Version 12.00
# Visual Studio Version 17
VisualStudioVersion = 17.5.33502.453
MinimumVisualStudioVersion = 10.0.40219.1
Project("{FAE04EC0-301F-11D3-BF4B-00C04F79EFBC}") = "WebApplication_Batch2", "WebApplication_Batch2\WebApplication_Batch2.csproj", "{B3EDD6E7-34A4-494E-A390-4AFBE293C8EF}"
EndProject
Global
	GlobalSection(SolutionConfigurationPlatforms) = preSolution
		Debug|Any CPU = Debug|Any CPU
		Release|Any CPU = Release|Any CPU
	EndGlobalSection
	GlobalSection(ProjectConfigurationPlatforms) = postSolution
		{B3EDD6E7-34A4-494E-A390-4AFBE293C8EF}.Debug|Any CPU.ActiveCfg = Debug|Any CPU
		{B3EDD6E7-34A4-494E-A390-4AFBE293C8EF}.Debug|Any CPU.Build.0 = Debug|Any CPU
		{B3EDD6E7-34A4-494E-A390-4AFBE293C8EF}.Release|Any CPU.ActiveCfg = Release|Any CPU
		{B3EDD6E7-34A4-494E-A390-4AFBE293C8EF}.Release|Any CPU.Build.0 = Release|Any CPU
	EndGlobalSection
	GlobalSection(SolutionProperties) = preSolution
		HideSolutionNode = FALSE
	EndGlobalSection
	GlobalSection(ExtensibilityGlobals) = postSolution
		SolutionGuid = {888778FD-90FC-45FC-9BAD-4AFC67E145F1}
	EndGlobalSection
EndGlobal
